// !$*UTF8*$!
{
	archiveVersion = 1;
	classes = {
	};
	objectVersion = 46;
	objects = {

/* Begin PBXBuildFile section */
		CD8F2D331CBBC8340046AB76 /* AppDelegate.swift in Sources */ = {isa = PBXBuildFile; fileRef = CD8F2D321CBBC8340046AB76 /* AppDelegate.swift */; };
		CD8F2D351CBBC8340046AB76 /* ViewController.swift in Sources */ = {isa = PBXBuildFile; fileRef = CD8F2D341CBBC8340046AB76 /* ViewController.swift */; };
		CD8F2D381CBBC8340046AB76 /* Main.storyboard in Resources */ = {isa = PBXBuildFile; fileRef = CD8F2D361CBBC8340046AB76 /* Main.storyboard */; };
		CD8F2D3A1CBBC8340046AB76 /* Assets.xcassets in Resources */ = {isa = PBXBuildFile; fileRef = CD8F2D391CBBC8340046AB76 /* Assets.xcassets */; };
		CD8F2D3D1CBBC8340046AB76 /* LaunchScreen.storyboard in Resources */ = {isa = PBXBuildFile; fileRef = CD8F2D3B1CBBC8340046AB76 /* LaunchScreen.storyboard */; };
		CD8F2D481CBBC8340046AB76 /* CarthageCopyFrameworksFixtureTests.swift in Sources */ = {isa = PBXBuildFile; fileRef = CD8F2D471CBBC8340046AB76 /* CarthageCopyFrameworksFixtureTests.swift */; };
		CD8F2D531CBBC8340046AB76 /* CarthageCopyFrameworksFixtureUITests.swift in Sources */ = {isa = PBXBuildFile; fileRef = CD8F2D521CBBC8340046AB76 /* CarthageCopyFrameworksFixtureUITests.swift */; };
		CD8F2D611CBBD7B00046AB76 /* Result.framework in Frameworks */ = {isa = PBXBuildFile; fileRef = CD8F2D601CBBD7B00046AB76 /* Result.framework */; };
		CD8F2D621CBBD7CC0046AB76 /* Result.framework in Frameworks */ = {isa = PBXBuildFile; fileRef = CD8F2D601CBBD7B00046AB76 /* Result.framework */; };
		CD8F2D631CBBD7D10046AB76 /* Result.framework in Frameworks */ = {isa = PBXBuildFile; fileRef = CD8F2D601CBBD7B00046AB76 /* Result.framework */; };
/* End PBXBuildFile section */

/* Begin PBXContainerItemProxy section */
		CD8F2D441CBBC8340046AB76 /* PBXContainerItemProxy */ = {
			isa = PBXContainerItemProxy;
			containerPortal = CD8F2D271CBBC8340046AB76 /* Project object */;
			proxyType = 1;
			remoteGlobalIDString = CD8F2D2E1CBBC8340046AB76;
			remoteInfo = CarthageCopyFrameworksFixture;
		};
		CD8F2D4F1CBBC8340046AB76 /* PBXContainerItemProxy */ = {
			isa = PBXContainerItemProxy;
			containerPortal = CD8F2D271CBBC8340046AB76 /* Project object */;
			proxyType = 1;
			remoteGlobalIDString = CD8F2D2E1CBBC8340046AB76;
			remoteInfo = CarthageCopyFrameworksFixture;
		};
/* End PBXContainerItemProxy section */

/* Begin PBXFileReference section */
		CD8F2D2F1CBBC8340046AB76 /* CarthageCopyFrameworksFixture.app */ = {isa = PBXFileReference; explicitFileType = wrapper.application; includeInIndex = 0; path = CarthageCopyFrameworksFixture.app; sourceTree = BUILT_PRODUCTS_DIR; };
		CD8F2D321CBBC8340046AB76 /* AppDelegate.swift */ = {isa = PBXFileReference; lastKnownFileType = sourcecode.swift; path = AppDelegate.swift; sourceTree = "<group>"; };
		CD8F2D341CBBC8340046AB76 /* ViewController.swift */ = {isa = PBXFileReference; lastKnownFileType = sourcecode.swift; path = ViewController.swift; sourceTree = "<group>"; };
		CD8F2D371CBBC8340046AB76 /* Base */ = {isa = PBXFileReference; lastKnownFileType = file.storyboard; name = Base; path = Base.lproj/Main.storyboard; sourceTree = "<group>"; };
		CD8F2D391CBBC8340046AB76 /* Assets.xcassets */ = {isa = PBXFileReference; lastKnownFileType = folder.assetcatalog; path = Assets.xcassets; sourceTree = "<group>"; };
		CD8F2D3C1CBBC8340046AB76 /* Base */ = {isa = PBXFileReference; lastKnownFileType = file.storyboard; name = Base; path = Base.lproj/LaunchScreen.storyboard; sourceTree = "<group>"; };
		CD8F2D3E1CBBC8340046AB76 /* Info.plist */ = {isa = PBXFileReference; lastKnownFileType = text.plist.xml; path = Info.plist; sourceTree = "<group>"; };
		CD8F2D431CBBC8340046AB76 /* CarthageCopyFrameworksFixtureTests.xctest */ = {isa = PBXFileReference; explicitFileType = wrapper.cfbundle; includeInIndex = 0; path = CarthageCopyFrameworksFixtureTests.xctest; sourceTree = BUILT_PRODUCTS_DIR; };
		CD8F2D471CBBC8340046AB76 /* CarthageCopyFrameworksFixtureTests.swift */ = {isa = PBXFileReference; lastKnownFileType = sourcecode.swift; path = CarthageCopyFrameworksFixtureTests.swift; sourceTree = "<group>"; };
		CD8F2D491CBBC8340046AB76 /* Info.plist */ = {isa = PBXFileReference; lastKnownFileType = text.plist.xml; path = Info.plist; sourceTree = "<group>"; };
		CD8F2D4E1CBBC8340046AB76 /* CarthageCopyFrameworksFixtureUITests.xctest */ = {isa = PBXFileReference; explicitFileType = wrapper.cfbundle; includeInIndex = 0; path = CarthageCopyFrameworksFixtureUITests.xctest; sourceTree = BUILT_PRODUCTS_DIR; };
		CD8F2D521CBBC8340046AB76 /* CarthageCopyFrameworksFixtureUITests.swift */ = {isa = PBXFileReference; lastKnownFileType = sourcecode.swift; path = CarthageCopyFrameworksFixtureUITests.swift; sourceTree = "<group>"; };
		CD8F2D541CBBC8340046AB76 /* Info.plist */ = {isa = PBXFileReference; lastKnownFileType = text.plist.xml; path = Info.plist; sourceTree = "<group>"; };
		CD8F2D601CBBD7B00046AB76 /* Result.framework */ = {isa = PBXFileReference; lastKnownFileType = wrapper.framework; name = Result.framework; path = Carthage/Build/iOS/Result.framework; sourceTree = "<group>"; };
/* End PBXFileReference section */

/* Begin PBXFrameworksBuildPhase section */
		CD8F2D2C1CBBC8340046AB76 /* Frameworks */ = {
			isa = PBXFrameworksBuildPhase;
			buildActionMask = 2147483647;
			files = (
				CD8F2D611CBBD7B00046AB76 /* Result.framework in Frameworks */,
			);
			runOnlyForDeploymentPostprocessing = 0;
		};
		CD8F2D401CBBC8340046AB76 /* Frameworks */ = {
			isa = PBXFrameworksBuildPhase;
			buildActionMask = 2147483647;
			files = (
				CD8F2D621CBBD7CC0046AB76 /* Result.framework in Frameworks */,
			);
			runOnlyForDeploymentPostprocessing = 0;
		};
		CD8F2D4B1CBBC8340046AB76 /* Frameworks */ = {
			isa = PBXFrameworksBuildPhase;
			buildActionMask = 2147483647;
			files = (
				CD8F2D631CBBD7D10046AB76 /* Result.framework in Frameworks */,
			);
			runOnlyForDeploymentPostprocessing = 0;
		};
/* End PBXFrameworksBuildPhase section */

/* Begin PBXGroup section */
		CD8F2D261CBBC8340046AB76 = {
			isa = PBXGroup;
			children = (
				CD8F2D601CBBD7B00046AB76 /* Result.framework */,
				CD8F2D311CBBC8340046AB76 /* CarthageCopyFrameworksFixture */,
				CD8F2D461CBBC8340046AB76 /* CarthageCopyFrameworksFixtureTests */,
				CD8F2D511CBBC8340046AB76 /* CarthageCopyFrameworksFixtureUITests */,
				CD8F2D301CBBC8340046AB76 /* Products */,
			);
			sourceTree = "<group>";
		};
		CD8F2D301CBBC8340046AB76 /* Products */ = {
			isa = PBXGroup;
			children = (
				CD8F2D2F1CBBC8340046AB76 /* CarthageCopyFrameworksFixture.app */,
				CD8F2D431CBBC8340046AB76 /* CarthageCopyFrameworksFixtureTests.xctest */,
				CD8F2D4E1CBBC8340046AB76 /* CarthageCopyFrameworksFixtureUITests.xctest */,
			);
			name = Products;
			sourceTree = "<group>";
		};
		CD8F2D311CBBC8340046AB76 /* CarthageCopyFrameworksFixture */ = {
			isa = PBXGroup;
			children = (
				CD8F2D321CBBC8340046AB76 /* AppDelegate.swift */,
				CD8F2D341CBBC8340046AB76 /* ViewController.swift */,
				CD8F2D361CBBC8340046AB76 /* Main.storyboard */,
				CD8F2D391CBBC8340046AB76 /* Assets.xcassets */,
				CD8F2D3B1CBBC8340046AB76 /* LaunchScreen.storyboard */,
				CD8F2D3E1CBBC8340046AB76 /* Info.plist */,
			);
			path = CarthageCopyFrameworksFixture;
			sourceTree = "<group>";
		};
		CD8F2D461CBBC8340046AB76 /* CarthageCopyFrameworksFixtureTests */ = {
			isa = PBXGroup;
			children = (
				CD8F2D471CBBC8340046AB76 /* CarthageCopyFrameworksFixtureTests.swift */,
				CD8F2D491CBBC8340046AB76 /* Info.plist */,
			);
			path = CarthageCopyFrameworksFixtureTests;
			sourceTree = "<group>";
		};
		CD8F2D511CBBC8340046AB76 /* CarthageCopyFrameworksFixtureUITests */ = {
			isa = PBXGroup;
			children = (
				CD8F2D521CBBC8340046AB76 /* CarthageCopyFrameworksFixtureUITests.swift */,
				CD8F2D541CBBC8340046AB76 /* Info.plist */,
			);
			path = CarthageCopyFrameworksFixtureUITests;
			sourceTree = "<group>";
		};
/* End PBXGroup section */

/* Begin PBXNativeTarget section */
		CD8F2D2E1CBBC8340046AB76 /* CarthageCopyFrameworksFixture */ = {
			isa = PBXNativeTarget;
			buildConfigurationList = CD8F2D571CBBC8340046AB76 /* Build configuration list for PBXNativeTarget "CarthageCopyFrameworksFixture" */;
			buildPhases = (
				CD8F2D2B1CBBC8340046AB76 /* Sources */,
				CD8F2D2C1CBBC8340046AB76 /* Frameworks */,
				CD8F2D2D1CBBC8340046AB76 /* Resources */,
				CD8F2D661CBBD8620046AB76 /* ShellScript */,
			);
			buildRules = (
			);
			dependencies = (
			);
			name = CarthageCopyFrameworksFixture;
			productName = CarthageCopyFrameworksFixture;
			productReference = CD8F2D2F1CBBC8340046AB76 /* CarthageCopyFrameworksFixture.app */;
			productType = "com.apple.product-type.application";
		};
		CD8F2D421CBBC8340046AB76 /* CarthageCopyFrameworksFixtureTests */ = {
			isa = PBXNativeTarget;
			buildConfigurationList = CD8F2D5A1CBBC8340046AB76 /* Build configuration list for PBXNativeTarget "CarthageCopyFrameworksFixtureTests" */;
			buildPhases = (
				CD8F2D3F1CBBC8340046AB76 /* Sources */,
				CD8F2D401CBBC8340046AB76 /* Frameworks */,
				CD8F2D411CBBC8340046AB76 /* Resources */,
				CD8F2D651CBBD84F0046AB76 /* ShellScript */,
			);
			buildRules = (
			);
			dependencies = (
				CD8F2D451CBBC8340046AB76 /* PBXTargetDependency */,
			);
			name = CarthageCopyFrameworksFixtureTests;
			productName = CarthageCopyFrameworksFixtureTests;
			productReference = CD8F2D431CBBC8340046AB76 /* CarthageCopyFrameworksFixtureTests.xctest */;
			productType = "com.apple.product-type.bundle.unit-test";
		};
		CD8F2D4D1CBBC8340046AB76 /* CarthageCopyFrameworksFixtureUITests */ = {
			isa = PBXNativeTarget;
			buildConfigurationList = CD8F2D5D1CBBC8340046AB76 /* Build configuration list for PBXNativeTarget "CarthageCopyFrameworksFixtureUITests" */;
			buildPhases = (
				CD8F2D4A1CBBC8340046AB76 /* Sources */,
				CD8F2D4B1CBBC8340046AB76 /* Frameworks */,
				CD8F2D4C1CBBC8340046AB76 /* Resources */,
				CD8F2D641CBBD8230046AB76 /* ShellScript */,
			);
			buildRules = (
			);
			dependencies = (
				CD8F2D501CBBC8340046AB76 /* PBXTargetDependency */,
			);
			name = CarthageCopyFrameworksFixtureUITests;
			productName = CarthageCopyFrameworksFixtureUITests;
			productReference = CD8F2D4E1CBBC8340046AB76 /* CarthageCopyFrameworksFixtureUITests.xctest */;
			productType = "com.apple.product-type.bundle.ui-testing";
		};
/* End PBXNativeTarget section */

/* Begin PBXProject section */
		CD8F2D271CBBC8340046AB76 /* Project object */ = {
			isa = PBXProject;
			attributes = {
				LastSwiftUpdateCheck = 0730;
				LastUpgradeCheck = 0730;
				ORGANIZATIONNAME = "Syo Ikeda";
				TargetAttributes = {
					CD8F2D2E1CBBC8340046AB76 = {
						CreatedOnToolsVersion = 7.3;
					};
					CD8F2D421CBBC8340046AB76 = {
						CreatedOnToolsVersion = 7.3;
						TestTargetID = CD8F2D2E1CBBC8340046AB76;
					};
					CD8F2D4D1CBBC8340046AB76 = {
						CreatedOnToolsVersion = 7.3;
						TestTargetID = CD8F2D2E1CBBC8340046AB76;
					};
				};
			};
			buildConfigurationList = CD8F2D2A1CBBC8340046AB76 /* Build configuration list for PBXProject "CarthageCopyFrameworksFixture" */;
			compatibilityVersion = "Xcode 3.2";
			developmentRegion = English;
			hasScannedForEncodings = 0;
			knownRegions = (
				en,
				Base,
			);
			mainGroup = CD8F2D261CBBC8340046AB76;
			productRefGroup = CD8F2D301CBBC8340046AB76 /* Products */;
			projectDirPath = "";
			projectRoot = "";
			targets = (
				CD8F2D2E1CBBC8340046AB76 /* CarthageCopyFrameworksFixture */,
				CD8F2D421CBBC8340046AB76 /* CarthageCopyFrameworksFixtureTests */,
				CD8F2D4D1CBBC8340046AB76 /* CarthageCopyFrameworksFixtureUITests */,
			);
		};
/* End PBXProject section */

/* Begin PBXResourcesBuildPhase section */
		CD8F2D2D1CBBC8340046AB76 /* Resources */ = {
			isa = PBXResourcesBuildPhase;
			buildActionMask = 2147483647;
			files = (
				CD8F2D3D1CBBC8340046AB76 /* LaunchScreen.storyboard in Resources */,
				CD8F2D3A1CBBC8340046AB76 /* Assets.xcassets in Resources */,
				CD8F2D381CBBC8340046AB76 /* Main.storyboard in Resources */,
			);
			runOnlyForDeploymentPostprocessing = 0;
		};
		CD8F2D411CBBC8340046AB76 /* Resources */ = {
			isa = PBXResourcesBuildPhase;
			buildActionMask = 2147483647;
			files = (
			);
			runOnlyForDeploymentPostprocessing = 0;
		};
		CD8F2D4C1CBBC8340046AB76 /* Resources */ = {
			isa = PBXResourcesBuildPhase;
			buildActionMask = 2147483647;
			files = (
			);
			runOnlyForDeploymentPostprocessing = 0;
		};
/* End PBXResourcesBuildPhase section */

/* Begin PBXShellScriptBuildPhase section */
		CD8F2D641CBBD8230046AB76 /* ShellScript */ = {
			isa = PBXShellScriptBuildPhase;
			buildActionMask = 2147483647;
			files = (
			);
			inputPaths = (
				"$(SRCROOT)/Carthage/Build/iOS/Result.framework",
			);
			outputPaths = (
			);
			runOnlyForDeploymentPostprocessing = 0;
			shellPath = /bin/sh;
			shellScript = "$CARTHAGE_PATH copy-frameworks";
		};
		CD8F2D651CBBD84F0046AB76 /* ShellScript */ = {
			isa = PBXShellScriptBuildPhase;
			buildActionMask = 2147483647;
			files = (
			);
			inputPaths = (
				"$(SRCROOT)/Carthage/Build/iOS/Result.framework",
			);
			outputPaths = (
			);
			runOnlyForDeploymentPostprocessing = 0;
			shellPath = /bin/sh;
			shellScript = "$CARTHAGE_PATH copy-frameworks";
		};
		CD8F2D661CBBD8620046AB76 /* ShellScript */ = {
			isa = PBXShellScriptBuildPhase;
			buildActionMask = 2147483647;
			files = (
			);
			inputPaths = (
				"$(SRCROOT)/Carthage/Build/iOS/Result.framework",
			);
			outputPaths = (
			);
			runOnlyForDeploymentPostprocessing = 0;
			shellPath = /bin/sh;
			shellScript = "$CARTHAGE_PATH copy-frameworks";
		};
/* End PBXShellScriptBuildPhase section */

/* Begin PBXSourcesBuildPhase section */
		CD8F2D2B1CBBC8340046AB76 /* Sources */ = {
			isa = PBXSourcesBuildPhase;
			buildActionMask = 2147483647;
			files = (
				CD8F2D351CBBC8340046AB76 /* ViewController.swift in Sources */,
				CD8F2D331CBBC8340046AB76 /* AppDelegate.swift in Sources */,
			);
			runOnlyForDeploymentPostprocessing = 0;
		};
		CD8F2D3F1CBBC8340046AB76 /* Sources */ = {
			isa = PBXSourcesBuildPhase;
			buildActionMask = 2147483647;
			files = (
				CD8F2D481CBBC8340046AB76 /* CarthageCopyFrameworksFixtureTests.swift in Sources */,
			);
			runOnlyForDeploymentPostprocessing = 0;
		};
		CD8F2D4A1CBBC8340046AB76 /* Sources */ = {
			isa = PBXSourcesBuildPhase;
			buildActionMask = 2147483647;
			files = (
				CD8F2D531CBBC8340046AB76 /* CarthageCopyFrameworksFixtureUITests.swift in Sources */,
			);
			runOnlyForDeploymentPostprocessing = 0;
		};
/* End PBXSourcesBuildPhase section */

/* Begin PBXTargetDependency section */
		CD8F2D451CBBC8340046AB76 /* PBXTargetDependency */ = {
			isa = PBXTargetDependency;
			target = CD8F2D2E1CBBC8340046AB76 /* CarthageCopyFrameworksFixture */;
			targetProxy = CD8F2D441CBBC8340046AB76 /* PBXContainerItemProxy */;
		};
		CD8F2D501CBBC8340046AB76 /* PBXTargetDependency */ = {
			isa = PBXTargetDependency;
			target = CD8F2D2E1CBBC8340046AB76 /* CarthageCopyFrameworksFixture */;
			targetProxy = CD8F2D4F1CBBC8340046AB76 /* PBXContainerItemProxy */;
		};
/* End PBXTargetDependency section */

/* Begin PBXVariantGroup section */
		CD8F2D361CBBC8340046AB76 /* Main.storyboard */ = {
			isa = PBXVariantGroup;
			children = (
				CD8F2D371CBBC8340046AB76 /* Base */,
			);
			name = Main.storyboard;
			sourceTree = "<group>";
		};
		CD8F2D3B1CBBC8340046AB76 /* LaunchScreen.storyboard */ = {
			isa = PBXVariantGroup;
			children = (
				CD8F2D3C1CBBC8340046AB76 /* Base */,
			);
			name = LaunchScreen.storyboard;
			sourceTree = "<group>";
		};
/* End PBXVariantGroup section */

/* Begin XCBuildConfiguration section */
		CD8F2D551CBBC8340046AB76 /* Debug */ = {
			isa = XCBuildConfiguration;
			buildSettings = {
				ALWAYS_SEARCH_USER_PATHS = NO;
				CARTHAGE_PATH = /usr/local/bin/carthage;
				CLANG_ANALYZER_NONNULL = YES;
				CLANG_CXX_LANGUAGE_STANDARD = "gnu++0x";
				CLANG_CXX_LIBRARY = "libc++";
				CLANG_ENABLE_MODULES = YES;
				CLANG_ENABLE_OBJC_ARC = YES;
				CLANG_WARN_BOOL_CONVERSION = YES;
				CLANG_WARN_CONSTANT_CONVERSION = YES;
				CLANG_WARN_DIRECT_OBJC_ISA_USAGE = YES_ERROR;
				CLANG_WARN_EMPTY_BODY = YES;
				CLANG_WARN_ENUM_CONVERSION = YES;
				CLANG_WARN_INT_CONVERSION = YES;
				CLANG_WARN_OBJC_ROOT_CLASS = YES_ERROR;
				CLANG_WARN_UNREACHABLE_CODE = YES;
				CLANG_WARN__DUPLICATE_METHOD_MATCH = YES;
				"CODE_SIGN_IDENTITY[sdk=iphoneos*]" = "iPhone Developer";
				COPY_PHASE_STRIP = NO;
				DEBUG_INFORMATION_FORMAT = dwarf;
				ENABLE_STRICT_OBJC_MSGSEND = YES;
				ENABLE_TESTABILITY = YES;
				GCC_C_LANGUAGE_STANDARD = gnu99;
				GCC_DYNAMIC_NO_PIC = NO;
				GCC_NO_COMMON_BLOCKS = YES;
				GCC_OPTIMIZATION_LEVEL = 0;
				GCC_PREPROCESSOR_DEFINITIONS = (
					"DEBUG=1",
					"$(inherited)",
				);
				GCC_WARN_64_TO_32_BIT_CONVERSION = YES;
				GCC_WARN_ABOUT_RETURN_TYPE = YES_ERROR;
				GCC_WARN_UNDECLARED_SELECTOR = YES;
				GCC_WARN_UNINITIALIZED_AUTOS = YES_AGGRESSIVE;
				GCC_WARN_UNUSED_FUNCTION = YES;
				GCC_WARN_UNUSED_VARIABLE = YES;
				IPHONEOS_DEPLOYMENT_TARGET = 9.3;
				MTL_ENABLE_DEBUG_INFO = YES;
				ONLY_ACTIVE_ARCH = YES;
				SDKROOT = iphoneos;
				SWIFT_OPTIMIZATION_LEVEL = "-Onone";
			};
			name = Debug;
		};
		CD8F2D561CBBC8340046AB76 /* Release */ = {
			isa = XCBuildConfiguration;
			buildSettings = {
				ALWAYS_SEARCH_USER_PATHS = NO;
				CARTHAGE_PATH = /usr/local/bin/carthage;
				CLANG_ANALYZER_NONNULL = YES;
				CLANG_CXX_LANGUAGE_STANDARD = "gnu++0x";
				CLANG_CXX_LIBRARY = "libc++";
				CLANG_ENABLE_MODULES = YES;
				CLANG_ENABLE_OBJC_ARC = YES;
				CLANG_WARN_BOOL_CONVERSION = YES;
				CLANG_WARN_CONSTANT_CONVERSION = YES;
				CLANG_WARN_DIRECT_OBJC_ISA_USAGE = YES_ERROR;
				CLANG_WARN_EMPTY_BODY = YES;
				CLANG_WARN_ENUM_CONVERSION = YES;
				CLANG_WARN_INT_CONVERSION = YES;
				CLANG_WARN_OBJC_ROOT_CLASS = YES_ERROR;
				CLANG_WARN_UNREACHABLE_CODE = YES;
				CLANG_WARN__DUPLICATE_METHOD_MATCH = YES;
				"CODE_SIGN_IDENTITY[sdk=iphoneos*]" = "iPhone Developer";
				COPY_PHASE_STRIP = NO;
				DEBUG_INFORMATION_FORMAT = "dwarf-with-dsym";
				ENABLE_NS_ASSERTIONS = NO;
				ENABLE_STRICT_OBJC_MSGSEND = YES;
				GCC_C_LANGUAGE_STANDARD = gnu99;
				GCC_NO_COMMON_BLOCKS = YES;
				GCC_WARN_64_TO_32_BIT_CONVERSION = YES;
				GCC_WARN_ABOUT_RETURN_TYPE = YES_ERROR;
				GCC_WARN_UNDECLARED_SELECTOR = YES;
				GCC_WARN_UNINITIALIZED_AUTOS = YES_AGGRESSIVE;
				GCC_WARN_UNUSED_FUNCTION = YES;
				GCC_WARN_UNUSED_VARIABLE = YES;
				IPHONEOS_DEPLOYMENT_TARGET = 9.3;
				MTL_ENABLE_DEBUG_INFO = NO;
				SDKROOT = iphoneos;
				VALIDATE_PRODUCT = YES;
			};
			name = Release;
		};
		CD8F2D581CBBC8340046AB76 /* Debug */ = {
			isa = XCBuildConfiguration;
			buildSettings = {
				ASSETCATALOG_COMPILER_APPICON_NAME = AppIcon;
				FRAMEWORK_SEARCH_PATHS = (
					"$(inherited)",
					"$(PROJECT_DIR)/Carthage/Build/iOS",
				);
				INFOPLIST_FILE = CarthageCopyFrameworksFixture/Info.plist;
				LD_RUNPATH_SEARCH_PATHS = "$(inherited) @executable_path/Frameworks";
				PRODUCT_BUNDLE_IDENTIFIER = com.ikesyo.CarthageCopyFrameworksFixture;
				PRODUCT_NAME = "$(TARGET_NAME)";
			};
			name = Debug;
		};
		CD8F2D591CBBC8340046AB76 /* Release */ = {
			isa = XCBuildConfiguration;
			buildSettings = {
				ASSETCATALOG_COMPILER_APPICON_NAME = AppIcon;
				FRAMEWORK_SEARCH_PATHS = (
					"$(inherited)",
					"$(PROJECT_DIR)/Carthage/Build/iOS",
				);
				INFOPLIST_FILE = CarthageCopyFrameworksFixture/Info.plist;
				LD_RUNPATH_SEARCH_PATHS = "$(inherited) @executable_path/Frameworks";
				PRODUCT_BUNDLE_IDENTIFIER = com.ikesyo.CarthageCopyFrameworksFixture;
				PRODUCT_NAME = "$(TARGET_NAME)";
			};
			name = Release;
		};
		CD8F2D5B1CBBC8340046AB76 /* Debug */ = {
			isa = XCBuildConfiguration;
			buildSettings = {
				BUNDLE_LOADER = "$(TEST_HOST)";
				FRAMEWORK_SEARCH_PATHS = (
					"$(inherited)",
					"$(PROJECT_DIR)/Carthage/Build/iOS",
				);
				INFOPLIST_FILE = CarthageCopyFrameworksFixtureTests/Info.plist;
				LD_RUNPATH_SEARCH_PATHS = "$(inherited) @executable_path/Frameworks @loader_path/Frameworks";
				PRODUCT_BUNDLE_IDENTIFIER = com.ikesyo.CarthageCopyFrameworksFixtureTests;
				PRODUCT_NAME = "$(TARGET_NAME)";
				TEST_HOST = "$(BUILT_PRODUCTS_DIR)/CarthageCopyFrameworksFixture.app/CarthageCopyFrameworksFixture";
			};
			name = Debug;
		};
		CD8F2D5C1CBBC8340046AB76 /* Release */ = {
			isa = XCBuildConfiguration;
			buildSettings = {
				BUNDLE_LOADER = "$(TEST_HOST)";
				FRAMEWORK_SEARCH_PATHS = (
					"$(inherited)",
					"$(PROJECT_DIR)/Carthage/Build/iOS",
				);
				INFOPLIST_FILE = CarthageCopyFrameworksFixtureTests/Info.plist;
				LD_RUNPATH_SEARCH_PATHS = "$(inherited) @executable_path/Frameworks @loader_path/Frameworks";
				PRODUCT_BUNDLE_IDENTIFIER = com.ikesyo.CarthageCopyFrameworksFixtureTests;
				PRODUCT_NAME = "$(TARGET_NAME)";
				TEST_HOST = "$(BUILT_PRODUCTS_DIR)/CarthageCopyFrameworksFixture.app/CarthageCopyFrameworksFixture";
			};
			name = Release;
		};
		CD8F2D5E1CBBC8340046AB76 /* Debug */ = {
			isa = XCBuildConfiguration;
			buildSettings = {
				FRAMEWORK_SEARCH_PATHS = (
					"$(inherited)",
					"$(PROJECT_DIR)/Carthage/Build/iOS",
				);
				INFOPLIST_FILE = CarthageCopyFrameworksFixtureUITests/Info.plist;
				LD_RUNPATH_SEARCH_PATHS = "$(inherited) @executable_path/Frameworks @loader_path/Frameworks";
				PRODUCT_BUNDLE_IDENTIFIER = com.ikesyo.CarthageCopyFrameworksFixtureUITests;
				PRODUCT_NAME = "$(TARGET_NAME)";
				TEST_TARGET_NAME = CarthageCopyFrameworksFixture;
			};
			name = Debug;
		};
		CD8F2D5F1CBBC8340046AB76 /* Release */ = {
			isa = XCBuildConfiguration;
			buildSettings = {
				FRAMEWORK_SEARCH_PATHS = (
					"$(inherited)",
					"$(PROJECT_DIR)/Carthage/Build/iOS",
				);
				INFOPLIST_FILE = CarthageCopyFrameworksFixtureUITests/Info.plist;
				LD_RUNPATH_SEARCH_PATHS = "$(inherited) @executable_path/Frameworks @loader_path/Frameworks";
				PRODUCT_BUNDLE_IDENTIFIER = com.ikesyo.CarthageCopyFrameworksFixtureUITests;
				PRODUCT_NAME = "$(TARGET_NAME)";
				TEST_TARGET_NAME = CarthageCopyFrameworksFixture;
			};
			name = Release;
		};
/* End XCBuildConfiguration section */

/* Begin XCConfigurationList section */
		CD8F2D2A1CBBC8340046AB76 /* Build configuration list for PBXProject "CarthageCopyFrameworksFixture" */ = {
			isa = XCConfigurationList;
			buildConfigurations = (
				CD8F2D551CBBC8340046AB76 /* Debug */,
				CD8F2D561CBBC8340046AB76 /* Release */,
			);
			defaultConfigurationIsVisible = 0;
			defaultConfigurationName = Release;
		};
		CD8F2D571CBBC8340046AB76 /* Build configuration list for PBXNativeTarget "CarthageCopyFrameworksFixture" */ = {
			isa = XCConfigurationList;
			buildConfigurations = (
				CD8F2D581CBBC8340046AB76 /* Debug */,
				CD8F2D591CBBC8340046AB76 /* Release */,
			);
			defaultConfigurationIsVisible = 0;
			defaultConfigurationName = Release;
		};
		CD8F2D5A1CBBC8340046AB76 /* Build configuration list for PBXNativeTarget "CarthageCopyFrameworksFixtureTests" */ = {
			isa = XCConfigurationList;
			buildConfigurations = (
				CD8F2D5B1CBBC8340046AB76 /* Debug */,
				CD8F2D5C1CBBC8340046AB76 /* Release */,
			);
			defaultConfigurationIsVisible = 0;
			defaultConfigurationName = Release;
		};
		CD8F2D5D1CBBC8340046AB76 /* Build configuration list for PBXNativeTarget "CarthageCopyFrameworksFixtureUITests" */ = {
			isa = XCConfigurationList;
			buildConfigurations = (
				CD8F2D5E1CBBC8340046AB76 /* Debug */,
				CD8F2D5F1CBBC8340046AB76 /* Release */,
			);
			defaultConfigurationIsVisible = 0;
			defaultConfigurationName = Release;
		};
/* End XCConfigurationList section */
	};
	rootObject = CD8F2D271CBBC8340046AB76 /* Project object */;
}
